
Microsoft Visual Studio Solution File, Format Version 11.00
# Visual Studio 2010
Project("{FAE04EC0-301F-11D3-BF4B-00C04F79EFBC}") = "Gear", "Gear.csproj", "{9D805B4B-C1F8-499B-BB45-88BF7E2EB93F}"
EndProject
Global
	GlobalSection(SolutionConfigurationPlatforms) = preSolution
		Debug|Any CPU = Debug|Any CPU
		Release|Any CPU = Release|Any CPU
	EndGlobalSection
	GlobalSection(ProjectConfigurationPlatforms) = postSolution
		{9D805B4B-C1F8-499B-BB45-88BF7E2EB93F}.Debug|Any CPU.ActiveCfg = Debug|Any CPU
		{9D805B4B-C1F8-499B-BB45-88BF7E2EB93F}.Debug|Any CPU.Build.0 = Debug|Any CPU
		{9D805B4B-C1F8-499B-BB45-88BF7E2EB93F}.Release|Any CPU.ActiveCfg = Release|Any CPU
		{9D805B4B-C1F8-499B-BB45-88BF7E2EB93F}.Release|Any CPU.Build.0 = Release|Any CPU
	EndGlobalSection
	GlobalSection(SolutionProperties) = preSolution
		HideSolutionNode = FALSE
	EndGlobalSection
EndGlobal
